
Microsoft Visual Studio Solution File, Format Version 12.00
# Visual Studio Version 17
VisualStudioVersion = 17.13.35931.197 d17.13
MinimumVisualStudioVersion = 10.0.40219.1
Project("{FAE04EC0-301F-11D3-BF4B-00C04F79EFBC}") = "CronoFlow", "CronoFlow\CronoFlow.csproj", "{8467E020-6413-42CF-A2AD-1DB61F0B3518}"
EndProject
Global
	GlobalSection(SolutionConfigurationPlatforms) = preSolution
		Debug|Any CPU = Debug|Any CPU
		Release|Any CPU = Release|Any CPU
	EndGlobalSection
	GlobalSection(ProjectConfigurationPlatforms) = postSolution
		{8467E020-6413-42CF-A2AD-1DB61F0B3518}.Debug|Any CPU.ActiveCfg = Debug|Any CPU
		{8467E020-6413-42CF-A2AD-1DB61F0B3518}.Debug|Any CPU.Build.0 = Debug|Any CPU
		{8467E020-6413-42CF-A2AD-1DB61F0B3518}.Release|Any CPU.ActiveCfg = Release|Any CPU
		{8467E020-6413-42CF-A2AD-1DB61F0B3518}.Release|Any CPU.Build.0 = Release|Any CPU
	EndGlobalSection
	GlobalSection(SolutionProperties) = preSolution
		HideSolutionNode = FALSE
	EndGlobalSection
	GlobalSection(ExtensibilityGlobals) = postSolution
		SolutionGuid = {0E0CCB79-8183-4235-B9FE-551CB757D374}
	EndGlobalSection
EndGlobal
